
Microsoft Visual Studio Solution File, Format Version 12.00
# Visual Studio Version 17
VisualStudioVersion = 17.8.34330.188
MinimumVisualStudioVersion = 10.0.40219.1
Project("{FAE04EC0-301F-11D3-BF4B-00C04F79EFBC}") = "Math", "Math\Math.csproj", "{CCE75406-FBBF-4318-8682-EA68083DE42A}"
EndProject
Global
	GlobalSection(SolutionConfigurationPlatforms) = preSolution
		Debug|Any CPU = Debug|Any CPU
		Release|Any CPU = Release|Any CPU
	EndGlobalSection
	GlobalSection(ProjectConfigurationPlatforms) = postSolution
		{CCE75406-FBBF-4318-8682-EA68083DE42A}.Debug|Any CPU.ActiveCfg = Debug|Any CPU
		{CCE75406-FBBF-4318-8682-EA68083DE42A}.Debug|Any CPU.Build.0 = Debug|Any CPU
		{CCE75406-FBBF-4318-8682-EA68083DE42A}.Release|Any CPU.ActiveCfg = Release|Any CPU
		{CCE75406-FBBF-4318-8682-EA68083DE42A}.Release|Any CPU.Build.0 = Release|Any CPU
	EndGlobalSection
	GlobalSection(SolutionProperties) = preSolution
		HideSolutionNode = FALSE
	EndGlobalSection
	GlobalSection(ExtensibilityGlobals) = postSolution
		SolutionGuid = {39762E56-56A5-4D22-89E3-938B6E786925}
	EndGlobalSection
EndGlobal
