
Microsoft Visual Studio Solution File, Format Version 12.00
# Visual Studio Version 17
VisualStudioVersion = 17.8.34330.188
MinimumVisualStudioVersion = 10.0.40219.1
Project("{FAE04EC0-301F-11D3-BF4B-00C04F79EFBC}") = "HelloWorld", "HelloWorld\HelloWorld.csproj", "{5A0489AF-8881-454A-81AE-C7183534E154}"
EndProject
Global
	GlobalSection(SolutionConfigurationPlatforms) = preSolution
		Debug|Any CPU = Debug|Any CPU
		Release|Any CPU = Release|Any CPU
	EndGlobalSection
	GlobalSection(ProjectConfigurationPlatforms) = postSolution
		{5A0489AF-8881-454A-81AE-C7183534E154}.Debug|Any CPU.ActiveCfg = Debug|Any CPU
		{5A0489AF-8881-454A-81AE-C7183534E154}.Debug|Any CPU.Build.0 = Debug|Any CPU
		{5A0489AF-8881-454A-81AE-C7183534E154}.Release|Any CPU.ActiveCfg = Release|Any CPU
		{5A0489AF-8881-454A-81AE-C7183534E154}.Release|Any CPU.Build.0 = Release|Any CPU
	EndGlobalSection
	GlobalSection(SolutionProperties) = preSolution
		HideSolutionNode = FALSE
	EndGlobalSection
	GlobalSection(ExtensibilityGlobals) = postSolution
		SolutionGuid = {D165B2DB-3419-4CEE-8B31-C1ADBBCB1C9E}
	EndGlobalSection
EndGlobal
