
Microsoft Visual Studio Solution File, Format Version 12.00
# Visual Studio Version 17
VisualStudioVersion = 17.8.34525.116
MinimumVisualStudioVersion = 10.0.40219.1
Project("{FAE04EC0-301F-11D3-BF4B-00C04F79EFBC}") = "Branching Assignment", "Branching Assignment\Branching Assignment.csproj", "{CC7BA5C4-3A49-40FF-BFCA-D3146B2AEBB9}"
EndProject
Global
	GlobalSection(SolutionConfigurationPlatforms) = preSolution
		Debug|Any CPU = Debug|Any CPU
		Release|Any CPU = Release|Any CPU
	EndGlobalSection
	GlobalSection(ProjectConfigurationPlatforms) = postSolution
		{CC7BA5C4-3A49-40FF-BFCA-D3146B2AEBB9}.Debug|Any CPU.ActiveCfg = Debug|Any CPU
		{CC7BA5C4-3A49-40FF-BFCA-D3146B2AEBB9}.Debug|Any CPU.Build.0 = Debug|Any CPU
		{CC7BA5C4-3A49-40FF-BFCA-D3146B2AEBB9}.Release|Any CPU.ActiveCfg = Release|Any CPU
		{CC7BA5C4-3A49-40FF-BFCA-D3146B2AEBB9}.Release|Any CPU.Build.0 = Release|Any CPU
	EndGlobalSection
	GlobalSection(SolutionProperties) = preSolution
		HideSolutionNode = FALSE
	EndGlobalSection
	GlobalSection(ExtensibilityGlobals) = postSolution
		SolutionGuid = {E6A8FD03-B8DC-4C2D-9910-27BD3318ADDA}
	EndGlobalSection
EndGlobal
