
Microsoft Visual Studio Solution File, Format Version 12.00
# Visual Studio Version 17
VisualStudioVersion = 17.8.34525.116
MinimumVisualStudioVersion = 10.0.40219.1
Project("{FAE04EC0-301F-11D3-BF4B-00C04F79EFBC}") = "TwentyOne", "TwentyOne\TwentyOne.csproj", "{A534CB5B-8F80-4EA9-B11E-575E79E6DC4A}"
EndProject
Project("{FAE04EC0-301F-11D3-BF4B-00C04F79EFBC}") = "Casino", "Casino\Casino.csproj", "{B9ED84E4-F808-42CB-A191-436BB529A070}"
EndProject
Global
	GlobalSection(SolutionConfigurationPlatforms) = preSolution
		Debug|Any CPU = Debug|Any CPU
		Release|Any CPU = Release|Any CPU
	EndGlobalSection
	GlobalSection(ProjectConfigurationPlatforms) = postSolution
		{A534CB5B-8F80-4EA9-B11E-575E79E6DC4A}.Debug|Any CPU.ActiveCfg = Debug|Any CPU
		{A534CB5B-8F80-4EA9-B11E-575E79E6DC4A}.Debug|Any CPU.Build.0 = Debug|Any CPU
		{A534CB5B-8F80-4EA9-B11E-575E79E6DC4A}.Release|Any CPU.ActiveCfg = Release|Any CPU
		{A534CB5B-8F80-4EA9-B11E-575E79E6DC4A}.Release|Any CPU.Build.0 = Release|Any CPU
		{B9ED84E4-F808-42CB-A191-436BB529A070}.Debug|Any CPU.ActiveCfg = Debug|Any CPU
		{B9ED84E4-F808-42CB-A191-436BB529A070}.Debug|Any CPU.Build.0 = Debug|Any CPU
		{B9ED84E4-F808-42CB-A191-436BB529A070}.Release|Any CPU.ActiveCfg = Release|Any CPU
		{B9ED84E4-F808-42CB-A191-436BB529A070}.Release|Any CPU.Build.0 = Release|Any CPU
	EndGlobalSection
	GlobalSection(SolutionProperties) = preSolution
		HideSolutionNode = FALSE
	EndGlobalSection
	GlobalSection(ExtensibilityGlobals) = postSolution
		SolutionGuid = {770C03EE-D516-439C-85A0-41EC7252CE8F}
	EndGlobalSection
EndGlobal
