
Microsoft Visual Studio Solution File, Format Version 12.00
# Visual Studio Version 17
VisualStudioVersion = 17.8.34525.116
MinimumVisualStudioVersion = 10.0.40219.1
Project("{FAE04EC0-301F-11D3-BF4B-00C04F79EFBC}") = "BooleanLogic", "BooleanLogic\BooleanLogic.csproj", "{6C2F4205-417F-4537-94A6-7AFB3893B1C1}"
EndProject
Global
	GlobalSection(SolutionConfigurationPlatforms) = preSolution
		Debug|Any CPU = Debug|Any CPU
		Release|Any CPU = Release|Any CPU
	EndGlobalSection
	GlobalSection(ProjectConfigurationPlatforms) = postSolution
		{6C2F4205-417F-4537-94A6-7AFB3893B1C1}.Debug|Any CPU.ActiveCfg = Debug|Any CPU
		{6C2F4205-417F-4537-94A6-7AFB3893B1C1}.Debug|Any CPU.Build.0 = Debug|Any CPU
		{6C2F4205-417F-4537-94A6-7AFB3893B1C1}.Release|Any CPU.ActiveCfg = Release|Any CPU
		{6C2F4205-417F-4537-94A6-7AFB3893B1C1}.Release|Any CPU.Build.0 = Release|Any CPU
	EndGlobalSection
	GlobalSection(SolutionProperties) = preSolution
		HideSolutionNode = FALSE
	EndGlobalSection
	GlobalSection(ExtensibilityGlobals) = postSolution
		SolutionGuid = {E1AD64EE-3F18-4883-BE52-7625AB766FA3}
	EndGlobalSection
EndGlobal
