
Microsoft Visual Studio Solution File, Format Version 12.00
# Visual Studio Version 17
VisualStudioVersion = 17.8.34525.116
MinimumVisualStudioVersion = 10.0.40219.1
Project("{FAE04EC0-301F-11D3-BF4B-00C04F79EFBC}") = "Array Assignment", "Array Assignment\Array Assignment.csproj", "{4CA8B150-0D7E-491E-9B14-29F23D62FEE5}"
EndProject
Global
	GlobalSection(SolutionConfigurationPlatforms) = preSolution
		Debug|Any CPU = Debug|Any CPU
		Release|Any CPU = Release|Any CPU
	EndGlobalSection
	GlobalSection(ProjectConfigurationPlatforms) = postSolution
		{4CA8B150-0D7E-491E-9B14-29F23D62FEE5}.Debug|Any CPU.ActiveCfg = Debug|Any CPU
		{4CA8B150-0D7E-491E-9B14-29F23D62FEE5}.Debug|Any CPU.Build.0 = Debug|Any CPU
		{4CA8B150-0D7E-491E-9B14-29F23D62FEE5}.Release|Any CPU.ActiveCfg = Release|Any CPU
		{4CA8B150-0D7E-491E-9B14-29F23D62FEE5}.Release|Any CPU.Build.0 = Release|Any CPU
	EndGlobalSection
	GlobalSection(SolutionProperties) = preSolution
		HideSolutionNode = FALSE
	EndGlobalSection
	GlobalSection(ExtensibilityGlobals) = postSolution
		SolutionGuid = {FAF79999-ACBF-4AA1-A447-679002CCB3DE}
	EndGlobalSection
EndGlobal
